
Microsoft Visual Studio Solution File, Format Version 12.00
# Visual Studio 15
VisualStudioVersion = 15.0.27703.2047
MinimumVisualStudioVersion = 10.0.40219.1
Project("{FAE04EC0-301F-11D3-BF4B-00C04F79EFBC}") = "ChatAppApi", "ChatAppApi\ChatAppApi.csproj", "{16C556B3-F453-4EE9-8C85-2642BCE2BBE9}"
EndProject
Global
	GlobalSection(SolutionConfigurationPlatforms) = preSolution
		Debug|Any CPU = Debug|Any CPU
		Release|Any CPU = Release|Any CPU
	EndGlobalSection
	GlobalSection(ProjectConfigurationPlatforms) = postSolution
		{16C556B3-F453-4EE9-8C85-2642BCE2BBE9}.Debug|Any CPU.ActiveCfg = Debug|Any CPU
		{16C556B3-F453-4EE9-8C85-2642BCE2BBE9}.Debug|Any CPU.Build.0 = Debug|Any CPU
		{16C556B3-F453-4EE9-8C85-2642BCE2BBE9}.Release|Any CPU.ActiveCfg = Release|Any CPU
		{16C556B3-F453-4EE9-8C85-2642BCE2BBE9}.Release|Any CPU.Build.0 = Release|Any CPU
	EndGlobalSection
	GlobalSection(SolutionProperties) = preSolution
		HideSolutionNode = FALSE
	EndGlobalSection
	GlobalSection(ExtensibilityGlobals) = postSolution
		SolutionGuid = {13C6AA91-2648-4AC1-A9FD-590264E5561C}
	EndGlobalSection
EndGlobal
